lockfileVersion: '9.0'

settings:
  autoInstallPeers: true
  excludeLinksFromLockfile: false

importers:

  .:
    dependencies:
      zod:
        specifier: ^3.25.45
        version: 3.25.45

packages:

  zod@3.25.45:
    resolution: {integrity: sha512-kv1swJBZqv98NQibL0oVvkQE8rXT+6qGNM1FpZkFcJG2jnz4vbtu48bgaitp85CaBPLSKXibrEsU7MzJoVoZAA==}

snapshots:

  zod@3.25.45: {}
